# This file was autogenerated by uv via the following command:
#    uv pip compile requirements-api.in -o requirements-api.lock --generate-hashes --universal --python-version 3.12 --only-binary :all: --index-strategy unsafe-best-match --emit-index-url
--index-url https://pypi.org/simple
--extra-index-url https://download.pytorch.org/whl/cpu

annotated-doc==0.0.5 \
    --hash=sha256:117bac03a25ede5df5440e855b32d556049ca169ead221505badf432fed4b101 \
    --hash=sha256:c7e58ce09192557605d8bbd92836d7e1d520ac9580096042c0bfd197efacf1bb
    # via fastapi
annotated-types==0.8.0 \
    --hash=sha256:13b2beaad985e05e2d6407ee4c4f35590b11f8d693a258a561055cac8f64cab7 \
    --hash=sha256:f072f4d804ea359e4eaf198b1af7a8b0943881a87f31bb764f8bf219bb9419e0
    # via pydantic
anyio==4.15.1 \
    --hash=sha256:6152fdbbf9a77fdec97731721bebf7c4c44f7c29b424b0065826173efc7ed101 \
    --hash=sha256:9f28306018cbd6d329e64a36d58256edff76dd996fe423bc957326e578b82a94
    # via starlette
click==8.5.0 \
    --hash=sha256:255bc9599cf7748b4b1a446ccc735421bd08a2ae529a8b88597d3de5664ee360 \
    --hash=sha256:ba0d2089de75ea0310e2dde03160e6ca10009947fb95a182f9b54021bb272e34
    # via uvicorn
fastapi==0.142.2 \
    --hash=sha256:06366626f2e70576367714d9ab2fe8472e6c8456dba69b399f9f797ab5e92570 \
    --hash=sha256:bd5f4d81f1e93a88bcd77caf4dfe3c2dbffc3805407a0007e9a114c18b3a670b
    # via -r requirements-api.in
filelock==4.0.9 ; sys_platform == 'linux' \
    --hash=sha256:635e7d67fa92654eed444e75e9ca18426d34e77ad9c469bf4373f75a932f7b22 \
    --hash=sha256:9287fd61b99a806e5202be29a83034c0808a1b9830e820537c2f5773981f7eeb
    # via torch
fsspec==2026.9.0 ; sys_platform == 'linux' \
    --hash=sha256:0f08147951c8cb31d844c3547d631053b127863b60be04cf06e121333ee0e2fe \
    --hash=sha256:8dd6e646e99ea382bd85f97a45e6b526a442d79423a7dc673f1e2756d05fcb5f
    # via torch
h11==0.16.0 \
    --hash=sha256:4e35b956cf45792e4caa5885e69fba00bdbc6ffafbfa020300e549b208ee5ff1 \
    --hash=sha256:63cf8bbe7522de3bf65932fda1d9c2772064ffb3dae62d55932da54b31cb6c86
    # via uvicorn
idna==3.20 \
    --hash=sha256:a7db850025b95ded1eae8a46181a1a6c56c92c96f0e2b005d9ff8dc0210cab44 \
    --hash=sha256:ab7ae7122974553370f0bdb919e1a960b2cd1bc1ef0276416d896db81c14582c
    # via anyio
jinja2==3.1.6 ; sys_platform == 'linux' \
    --hash=sha256:85ece4451f492d0c13c5dd7c13a64681a86afae63a5f347908daf103ce6d2f67
    # via torch
markupsafe==3.0.4 ; sys_platform == 'linux' \
    --hash=sha256:007e1ffd9bf65bb6ee96df7b258fc632a4868dd5566037986c64781f35a36e98 \
    --hash=sha256:02fa4acbc6a3fc5c693c34d4dd8c1130b7fe99cc915181b0ddd6f72aeb296002 \
    --hash=sha256:03470d1a8268e692ecf79ecd565593e59d44219377a7ead61f1f1b94c1f7ff6b \
    --hash=sha256:04e7902ba80ee4bac1d50a549606527a1dcf0476cd81403db41099d3b60ec653 \
    --hash=sha256:051417f74bcaaefa316276e0ff723f541616ca51043d070da00249d9bddd3e3c \
    --hash=sha256:05295589e619b9bed252a86b532b8e27350abc372d18ba89b59375325e91ec1e \
    --hash=sha256:06de8ef6331f6e822c28d577dc8bf43fe398800477c49498f38fc38b67ff33fc \
    --hash=sha256:0764a13d34cae40db7bbf3a09b7e9b491bf4603e20b263a7a9d6b8e324975d0a \
    --hash=sha256:077293e425f28ec737dbcad442a71752e28f8ae27cde3d68acd1fb212091cd92 \
    --hash=sha256:0930db9bdc62d22944e10b066448bb65dc9abe9112880c7cab8da54db4284d5f \
    --hash=sha256:0cee7cb0f9a1b6892ea482237d9403b3d1b4603aee057d0ff01f0fac2d019a97 \
    --hash=sha256:0d9c47709875fdb321452056622e930c52afbc07a7d780762fbb8b4d91ce6fa4 \
    --hash=sha256:11935df9bf455ed0c04eb87bcd720f02b1fe5e02128a9430f23aed6f93336fc7 \
    --hash=sha256:12a606a492de952afcb43b59a14aaaaad120e708d3663dd0fdf2d738d427a691 \
    --hash=sha256:14bd2d845d62ab678eaf81da89d7b621b51756c72346745c1a594c09d49207a2 \
    --hash=sha256:15ba9e28640feef770374b116a6f019c21f52404aeabe516aa7f800587b98cfc \
    --hash=sha256:18a801868a884f216e784d7d14db2a4077143ce7610440aee2ce8f734e7cfcde \
    --hash=sha256:1c0df495a977d10460a94941799c72d5b5ab03d3858d949b55b5a66c8f371c99 \
    --hash=sha256:1caa2fa5a6184fb233153b35f654e6687bd555476f6170f29d8ee9be1a8b0af9 \
    --hash=sha256:1e1451fab512d1bcc3dc26988ec1edb0b82c2db909132872cd9356070a6b63df \
    --hash=sha256:1f1f9477e174582b0a1b583d60b66e1f2cf5d3fe12cee985e4aedf44766600e5 \
    --hash=sha256:2628d3a8cb648ecebb3c5d6b0a1052d400e4d8b7ac0fb786be8d285b50040d17 \
    --hash=sha256:26e9867520db70d37f7fb421a7f0d8adb40171011fb84ce869afa1a83370dfa8 \
    --hash=sha256:2a6ef68ae94aed8721934072b27a3b654ea2100b97e4ab864cf1489c90926fbc \
    --hash=sha256:2b2b1e18af909b448bb3cf9e3433366f7a8726271fc214e8b10e0f62a78c724b \
    --hash=sha256:2cb3dd71fc6be918ad4264346a8ed69485f9b7ed7bf35495d8e22807cd6b8bea \
    --hash=sha256:2d1b7d9308288661f56672b1b157d75fc536714d3638487bbea17b6318a78248 \
    --hash=sha256:2dad610540cb2e6272855c178f08ae9a1c7ac258a7fb71660553a5f104b42741 \
    --hash=sha256:2e5a7cd7fdd14fcb1ae5d7d8bf23d24fbd1daefd1fbca2580132e1ea75f098b5 \
    --hash=sha256:2e9ad7dd851bf45fab9f75cbff4cb493fee9979e8d8c7c9c3ee119022518edd6 \
    --hash=sha256:340cbb1957ba99929cbf19a75626d36ba1ae21d1730b287d1cf7f824a20c4fc7 \
    --hash=sha256:34bdde374c5932765d7dc685c4a1d191a3207852d67e8e0a9eb6ea85156181f1 \
    --hash=sha256:353bd63081912ab8cfa6a0c7d185934cdf8426f04c618bba6bc4b394f2069b67 \
    --hash=sha256:387d8cd30e69b3f0a72877b9ae717033396404e19095b17fe89753a981fda44f \
    --hash=sha256:3882fb412298575bae3b9c46868251f15cc69307359f87bb1b382e53d6e5a2c9 \
    --hash=sha256:38fc55594dab834470b6733dead2ee9e3f657fb0608c769dcafa0ba5ab52f45c \
    --hash=sha256:396ec4e65cc889f69786b3b89478b471cee5a3bcf468b9d9bb03e1a30fb291fc \
    --hash=sha256:39dbacefc411633db5b4378b066a9aca70a3d7e2922c9e578d825f844026eeba \
    --hash=sha256:3a93d9616ddecfb393727a0041a562cf0b15a244e20f2bd25efc7949be4c4f17 \
    --hash=sha256:3d23795802fc8bd72534836d64489bbf0f67c088959091bdb22e10735a5107bf \
    --hash=sha256:434139499bb20b502ed3baa1f169e618f924a97e7a777fea1a49446d80106cf6 \
    --hash=sha256:436e3ffc6310d3c41878c601db29098102fe5d8a467c49da4a4125254e0980f2 \
    --hash=sha256:489505b03f692c3f376394e49194fa7a7f9e8558d6e293a7056a0032b0c38163 \
    --hash=sha256:4a540e2d3192792fc84eced57bef37851ccb2b41f73291bb17408eea77bcd278 \
    --hash=sha256:4a7cdc2a420ca01058182da4253329764d4bfa055564d1eced90e6ba1e8b1d3d \
    --hash=sha256:4bced6e2a6dba6a28f7dd3c6ce14df1b2dd495923f16ea484cad03decd463b2b \
    --hash=sha256:4cf3468d5ec187ffffcaca8e61929a37448f215dafc1386a12c750a72fe53634 \
    --hash=sha256:4e2c4809c14559aa7ef426f27fb35afbb38104c349a903bf8f3600456764bb38 \
    --hash=sha256:4ed644d75aa94a2baf7ec3a96eaa160ea58c742eb9d27c6506053c5c40fc84ed \
    --hash=sha256:4f6e0852a0283b1b1fd776eeb7b766a5f440b3e2bd31ab51af3b400585f3965c \
    --hash=sha256:5066b244f576f91afc8ee3ba029a89f99d39c79b1853fe9d39bea9f0afbec148 \
    --hash=sha256:5086f9975abb1ab531ee6afca1761e4b59a19b446f3f6522ed776963228cfe5a \
    --hash=sha256:50b5bedc9ed8a94fc8857a42ef4f84a81ea88f8d4f05dc8705fb23ee6d8dcca7 \
    --hash=sha256:52704c5d36eb6dda8866493decd61111fff86244c9b1ad225ca01b9e91e5970f \
    --hash=sha256:55ffd6ce583d97dc71dc92e930324c8c0d25aea7e3ade6ae54ef77cedb096811 \
    --hash=sha256:569d65055d367e3dcdf30c3f41119467b73d9ee9faf332bdf40402644f5ac08e \
    --hash=sha256:57f9947a7e57a081c1e3e0a2dd0d2dcf290a4531450e6f611e30084c222a7295 \
    --hash=sha256:5989cb26b2e1efc6a42216a9f6b5ee495ce5ace2e5b352a9af489976b32d1ee2 \
    --hash=sha256:5c22873ad1f0532ba40fa1727f3c0fc1bbbaab6d373d4cbe3f0dc74b2e2521c7 \
    --hash=sha256:5e8b3d0b18fd623afa12ecb2ce8d8becef69f9b5440c6330c7972200e0bb84b0 \
    --hash=sha256:61631e08084be9e21a8967ec3139c7616ed7c5e9368e05c86d1b39562c8a57b6 \
    --hash=sha256:64511c54db4e4987aef4c41923235927428729e8174c5dba488429be70a998ed \
    --hash=sha256:6669c1bf34080161ce49c589cc512ef24d4c704ac9d2b2d3667f519c60418378 \
    --hash=sha256:672d207103e6b16ca098611b0f9efad6bc00afd47c03d6ef62186495ca677dc0 \
    --hash=sha256:6768d67d1bce64270e0fdc2e69309d68b9b18ae56ddf6c711d168e9d051c2cac \
    --hash=sha256:6a45c3d514f2436064db00d7fc8778d888f0236ebfed649b53d13a59e69ad51b \
    --hash=sha256:6bd9e1788e15bfcf6a9082de42e30387e7b85d211ab21e57a939bb8cfaaf8d96 \
    --hash=sha256:6d2a9efe686f9de00d0d1ea32a4a5a86d558a2277501bd78d964214eab625e59 \
    --hash=sha256:6da83a088f8ef93b2d483a8232a4dbf4d69d3d8496b568a03c56becac43e1808 \
    --hash=sha256:7018d4af1cd272e847aa5917983ab5e83e4f6579f9dbfecd4a79c0ca80b144c2 \
    --hash=sha256:71f88e749ea29f67f21f3b36433c1dc54c7729ed2a6d9e2da2e0d9e0d7b224eb \
    --hash=sha256:737c9c3981998eba27f11786f84fddcbabc74068b72a4a1f454ea02094b57b65 \
    --hash=sha256:73e77980c7207854f00fc4e71fb1626868d5740ab4012623d55c7a99ad122a72 \
    --hash=sha256:799c39bdf5e2f1292fedd3009f7b3c9e760f10b2420cb9638d56920840ff6db8 \
    --hash=sha256:7a83aa6e4805df46fed18e989d3d16f86ef60cb50bbc8d9ce3a6be89165fbf6e \
    --hash=sha256:7d3391b2188d18737cb2fa147028b1096236eaa7e156446c650a489fa2cadc91 \
    --hash=sha256:7e1636da3d8dfc220b6dd10264db5f2b165e4888c4518594898fbe381049af8a \
    --hash=sha256:805c8b84534fa10891890f0e4be39f3a99e94615d93e8836bf9fa1fdca2feeb2 \
    --hash=sha256:811d02d5122171c1941357efd8f9bf4ffe907b7f0a1a4e729a880e4be3f46e3e \
    --hash=sha256:8138eb83940ec7299024d92d4dee45f601b9e6c5ffde9d25f4e35e326203c707 \
    --hash=sha256:83b3944fea42a8400edf92fd1770fb8d0d4f7de651353bd2d8525a92dba69a21 \
    --hash=sha256:849dd2bb0e5e4ab2b71c7191726a4a8d5aa8a610daa584728cbee0b710ddc4ef \
    --hash=sha256:8698d70a8081ee8c090dbb394768b5789a1da8b131b5499f89d071dd3cfaf6be \
    --hash=sha256:8781a792a070cf2bd1b86d3aa943894115faaba6e88122a7bf32d62072742453 \
    --hash=sha256:88d59b473bfb03259722600839af9bbd7fa13a2eb514beefeedb95997882f69a \
    --hash=sha256:8909c2f1c6dd65e054ac4b573a91c8384d1492281e55d82d159d653f7a13adf6 \
    --hash=sha256:8965520ac587c94a4ac48b729be3d8b8de00af39699b17585dfb599babe77977 \
    --hash=sha256:8b5d563170ff8ba3181caa967c99a3c804d1dedb702c7cb93a6a7c32247da978 \
    --hash=sha256:8e124f974786f831d6043728e38296969d3579db8896fe004682f5758e613581 \
    --hash=sha256:8f0fac8b13d14bb06c68195f849371924ae53dd7b1c00fed24650f704383b692 \
    --hash=sha256:9240187afb63d2f9ddc3e032c670356fe941f6e20662ea168a5dc3f1f317e1b3 \
    --hash=sha256:925f929d6b59a8b3f8b8c6ac363cd0af7eecc81efb3071770b3c6717c450a369 \
    --hash=sha256:9348cbb300d224fe3b89793262cb093504d4ae927004468463f745188a193e4a \
    --hash=sha256:9388003072b95f2f1e3fd908604194d653ba21330d811961a78b7da1a77e9e36 \
    --hash=sha256:9438a2648b2195980cb2dd8e53ed7b8df91319e2d0b70ae61a9e1d1bc8d3bec9 \
    --hash=sha256:94e4c421742086aeee4c32a506eec8859d7634aad943f7e6aacf70f813478768 \
    --hash=sha256:94f5407f7bc64fa6463906b896f9904beeeb7dd8dc116ee8e9056c8714ff9916 \
    --hash=sha256:971a3bbb75d97ae4e2e8f7d4834236f86f85f0c85e04ab2e191db1123b04f80b \
    --hash=sha256:9e227f3dbe6bde7491cf0a9965d00b88c6b1a4a95d11480ddf88bb96d397c19f \
    --hash=sha256:9e25feb9e330b63edb0278a0acdf85e50d0cb0fbf49c3084abbe4e24ae195346 \
    --hash=sha256:9f098115c247e11d138ab83a28fa0323c77015007ea2df73ba5fd714dfefd67c \
    --hash=sha256:a18f38cafc329bac5e3c2b96c765b4c96d3d103421ed22ab7988c1e3fce27464 \
    --hash=sha256:a4bbd2d87dd233b9fc5812160c3d0ffbe42edc22a26ce0469f58479ede633fe9 \
    --hash=sha256:a5fcffb37e602b0b3c1638a97746b9b96125caa9bcf6fa41d337a9261de231ee \
    --hash=sha256:a8e9f292fcda89b324f2f5c91d13f1424a153e40fc2756f38ee23b15835ff300 \
    --hash=sha256:a9f54054101545a9a9cccefddf54316aa6e4491611fcbef9e91b3b6bebec04f6 \
    --hash=sha256:aa2c838cc024642cc04c6854232f32b43e5e22833dd11119c1766c7873b8370d \
    --hash=sha256:ac0c7c9f1609b0c4c114feb1d7a3409564c7fb77e360bed9e97e5d25dfeaf868 \
    --hash=sha256:add96447a86d205ab616665d53b2950ee81083757f56e6ea833c8b2917646b46 \
    --hash=sha256:ae9dcb8fbe244cb82f8a6458b455b927a03685e383d9bacf1ea5ce180b96dc97 \
    --hash=sha256:b4a635a0487774f841cb1fb62e907e7195cc95bc761e053184b8acc3ceb20733 \
    --hash=sha256:b4d12837e0203bbace818ff4a7461afdcd78bcd782351cea148139180d7bcffe \
    --hash=sha256:b61687d0828e72bf5cda24a2690188f37170bd31c9359ac97e4e66569f120a16 \
    --hash=sha256:b807e598953730f82e4eae3bd30f6a122cf6b31c398c6b504c0e04c13c170429 \
    --hash=sha256:b8cd1f918b26fd7b1832ece557cc18f2d8747309ff8b3f0ef9d4250c5ad67a39 \
    --hash=sha256:b91cc9d336957239ff200f30097e6fea2dc6d6fb3c81e853eaa09eac904fd894 \
    --hash=sha256:bd3ce56ae2cbae3ba82b683bc425cd7e48d2ed8b10f3e818186b6f5646d9271c \
    --hash=sha256:be6cb0c799abb0e2ba3e618e6d28ddddf7e485f6c2ce938dfa237daf3905072c \
    --hash=sha256:befb4158af32106b9a93db8d6d1d1cbbd418c0d5aca0cabb7b1780abf0c89169 \
    --hash=sha256:bf053da3c97a4bc5ecfbb218cdd2983febd91c617be8367d139882aa11e490aa \
    --hash=sha256:c02e8f18bdedba082cef725942ac823b9b60656db07f7e265cb31618dfd00d77 \
    --hash=sha256:c1bc67752d5f21013cfe430df4062441714eab79f65a6a05e01505957e9c35fe \
    --hash=sha256:c61750fadcd119d0825bcb7d7d675dd264dcc89cc05292aab5be68ebdbb374ad \
    --hash=sha256:c90d5b3d4e944e065a301d741b3c1d784f6bd1f503aa68b4967e32b2ba313d85 \
    --hash=sha256:c9a7f43c0b202b334cc9184af09bb8f21d3a209e038efaf106936fb69e6b026e \
    --hash=sha256:cb96e6e088d6cf71c1ea977510948320234824cf226e32f6f6e044f7a9c82b34 \
    --hash=sha256:cf63c214fe879a65e69a386f915e36104fc84254ab141240f8854602d8e0be2a \
    --hash=sha256:d1aca03ede943eb80ab3d63bb082c84b7aab85ea83bd0fd0c200260945fb49d9 \
    --hash=sha256:d2e56fd3b00222722abfb3f5f0759ddbae4b90811b5ad4343c64030ad1bde70c \
    --hash=sha256:d5f93ebbeb8032d47e349328ec8662d973d9b05a70b3c35df1f91fe419b84749 \
    --hash=sha256:d882a373d8093c2941e01291b7ced96e9cbe4781da9a7751ca7e6c70385e5214 \
    --hash=sha256:d920abdfa61279ba1a2ef9484aab07bf03331f8c08a10120fa332353d06e6932 \
    --hash=sha256:da2af0d7aebfc2074080d72efa6ab8317c62481ef1f896f65d9999c1c01f4494 \
    --hash=sha256:dd8ea6ebee7aedbf7c749fa80521d9ccf1ba473e0d1e14805caafbaad281c889 \
    --hash=sha256:de8b364c423ef0a4bad9069657d617f9a5d2b2062457a89b1fa16ee199c399c1 \
    --hash=sha256:df1ae86ff54725a01fa1a0510b914ca53a161b7050be74f6204e24aded5971d0 \
    --hash=sha256:dff05cb7016dff1e9fd68f4122c127b65dfc59de5306cfb7ad92f956f230bee2 \
    --hash=sha256:e1a622f13970d81f95d0c72f9dc090dce9085fccfa4c9f2174377ee32bd15786 \
    --hash=sha256:e49fb0d1ce92cfa0cb198cc5b1b11cdf9d0638658e2a2db2687e39db7c87fc78 \
    --hash=sha256:e5c802729725bd07e2bc3ab7b76dc7e0bbfc53129d8f1eb1c002c24cf774717e \
    --hash=sha256:e841068dc0be4cb6dfb5c890eb88cbdcff2f4a332393c7ec94e8e618bd32c1a8 \
    --hash=sha256:e916035e3e9930cbdfdd10abf48861340221857f45509565898e012263f7b289 \
    --hash=sha256:eba154571c16e032112afac0dc2dfe9e63c2ceb7aedd07bb7eecf2ce26d4dd4c \
    --hash=sha256:f03460ff076f70ab595bb45a0205ccea1971443575b6920c52e755dec2b3fbfe \
    --hash=sha256:f0ec3b750b59375eab5b0fb2b9254810c00a3375be6d789899f1055a1d556237 \
    --hash=sha256:f291bcf42ae98eb5107edb162c3c998b4a89648fd8e99ed4cbd12705292788cd \
    --hash=sha256:f61efe1d2fe0de16158a5fe1d1cf3c14bdb6aecd54d8938fd26512c525c1f624 \
    --hash=sha256:f68edfc67aabac33708941f26f22a7b8e9f81429bc0cf249fcf7d66b23af8d19 \
    --hash=sha256:fa95848c929b6a75f6848d3c9793e59db365ee436776e57db835cdbfa79ba977 \
    --hash=sha256:fd9f8797427910198f95bced71ddfed61130d7e349213bfb8466c9c99e2c46a8 \
    --hash=sha256:fdb4ca07ab75ffadab4a8b135ad59cdbb3156b99310f3d565370da74a15d6bd3
    # via jinja2
mpmath==1.3.0 ; sys_platform == 'linux' \
    --hash=sha256:7a28eb2a9774d00c7bc92411c19a89209d5da7c4c9a9e227be8330a23a25b91f \
    --hash=sha256:a0b2b9fe80bbcd81a6647ff13108738cfb482d481d826cc0e02f5b35e5c88d2c
    # via sympy
networkx==3.7 ; sys_platform == 'linux' \
    --hash=sha256:e3fd2c13a7814cee3746340d8d7f8598a67f16a58bf47fb7f8793fab6efca1b0 \
    --hash=sha256:fd77a511bd90f39f3d016351345b52cf5319b813bdca01de3f755d3cca62e96a
    # via torch
numpy==2.5.3 ; sys_platform == 'linux' \
    --hash=sha256:012e66aca395d795496446e52aeeb5866312a5d4d3f27da270e5a0b43f70dc5c \
    --hash=sha256:09d5a423c71ad5feb5625844ad58050e35df43871004b52ac9c0ad44a56775be \
    --hash=sha256:09ffa5d903faeaa5c4dd05009cf81c8bab9f2cb37c548b8d39b65b4cfa7c97f7 \
    --hash=sha256:0a59a421a32580a009e8a1751345bf829631b990dc1794b80514ab722b435def \
    --hash=sha256:116f96cadd935c6122e9228d676fe7ede19e741f5c8bb1c3cddbe0c51ccebea2 \
    --hash=sha256:1302b90c0e52281681b2975adfe8a860cb7b12216a27b4b0b4207c44bf7bccf0 \
    --hash=sha256:15aa985ac73a8db02db7663381aa109510449d3819d37206caed27b33a65a8a6 \
    --hash=sha256:1aad64d99730d013cfc6debafed22783b4fc5a7f4b8bc744d2d8cf7dcc880551 \
    --hash=sha256:1c80eabb4035ecf4ca9cd49cde8a9fdd69a729e63e6474887d1523ade7aa277f \
    --hash=sha256:1f3ed25271581281f2fccb1adcedfcde4c07362eec69189b50baf6f90e3ae159 \
    --hash=sha256:1fb6f8fb9ff0b3a69f52c66ce397b0246583e9f28616231b0e32ca49259a5fa6 \
    --hash=sha256:214045a5bf00113a146ab9ee9730c44501af6723cdf1f6830932f7b5ef2e7af0 \
    --hash=sha256:26e15e4aecd8617dfbaecb37d223e365d7b39411fba20454be2670a96aa74cb5 \
    --hash=sha256:2c25dfa72943e4336ddb6b0ee4277b47a0c85bede0807530ec68103bf58e2c10 \
    --hash=sha256:2d8240cb4c16fd831074aa2b2cf9fc54664d826341d61c372245b96a74a49a9a \
    --hash=sha256:350ba9783ce969cf9f7ce6e6a9a58e1a6e2a19ca025b7ee448c4db727706212a \
    --hash=sha256:4c8a6d2ebce6305fd82fbefca827775437147052a976ee7c94b36a0c1b52ac6c \
    --hash=sha256:4f8929ee6c96bfbd7b4ed2032e0c03af86fe1826740ab61ddabf9072d06e57ff \
    --hash=sha256:536f963710a4e63934d80ac0dc4f478804a83e9a84b6828018f25d09953ada33 \
    --hash=sha256:54a115e5a73b8fc44f0cebef486365a1894b5c9760685d4558b72b7c3eb846e0 \
    --hash=sha256:595d020938c84e320bcf40ad71089e108eac0d377cd018e14a8c094f39e98d85 \
    --hash=sha256:66a78fe4556c60aceda5916f9eacd638b18e9e681016ec302dcb4682d6d4d034 \
    --hash=sha256:6b05c171afb3aa07adbd20abc00aea86fe375beb0fdb9ef780ec5b7f63bab1c0 \
    --hash=sha256:6cef4bb1706dfec49243c05d921eefb4e190d41e2528b30d8035ea1f36b4c24a \
    --hash=sha256:6f24021b9f22bc6301c37b196974a92c1c18dccedb6fef3dd252e95f2d6adbe4 \
    --hash=sha256:71b39d9f935b6ec0f8753e3e2afb51e3efba6f2e05b68b32a40754d24bcd4a3c \
    --hash=sha256:71cad2b2a7451ab79d8f5e71b453485b6775963d5cf794179144a7463fe6e8ec \
    --hash=sha256:76c2c1e6bfa5c84adc6434dfbf013aa92096a7985221762c8f11fedfd20fff58 \
    --hash=sha256:8617bbfae4486cf99c9f899966699428d19da931d06ca94ad3da986c76e15997 \
    --hash=sha256:86bff898a431c0fb71f7610b75726e75a54d47b37edc9d537f48de63bb3c0b90 \
    --hash=sha256:8e4dd766076855b5ff7ea52fa5f07ce26286726e0f8bff446b7739d02e6ea204 \
    --hash=sha256:92f30e89b8ee0ecf363033576c422b2f58fed6a80bed0aa48dff6d14c654663e \
    --hash=sha256:93e1f5447e2b1e479d7bd74701e84746b86450cff1fc368b132d195e2b8f8211 \
    --hash=sha256:9a37475425b431b4d060f23b4f52cd2f3aef6bc7c654bd760adf0040eec9d435 \
    --hash=sha256:9deb49575e5b0b94ed72c8a64ec4d033381adc27e9060ae842971f697ba96104 \
    --hash=sha256:a5fa86b80fd24bcd1aff83ad23be44ea323de3f787be8f8b15d4a65621e25321 \
    --hash=sha256:a6391fafaba97500887132cd582abc6e19452b1ac775a47caa7b24490e152058 \
    --hash=sha256:a72f874bc9e10e4b8f80426fb49716d5141f64442a0c8418065093ec8017fbb0 \
    --hash=sha256:ac7bb1c52d445bd4f8f7f97fefe6abc3a084dc4d63df50d79b17fa2b78e89297 \
    --hash=sha256:adc1ada2662f8a5f960b8a10d9986897e7499ef07e06d4cfe7197f8cce923c07 \
    --hash=sha256:b00eefbcf0f292945c4b4dec2ae845389ef5bcdcd596e6e4328051db5b5ba694 \
    --hash=sha256:b0521d0f4aebb6e06189451025fa17a913287b13c03d5fe05c017333b654ea5b \
    --hash=sha256:b5d93cf48f687479941d12b69c873ad2cc76bbd487f0091c2200636497f34034 \
    --hash=sha256:b7e18c623bb5c95acb3b3328861272816ba199fb531921c5d6d0b675f1fde9e3 \
    --hash=sha256:bd4cb9ad3c7889b9b3fe0a9a9fb5d2ed26f9879bff2608d9f01aed147a20d231 \
    --hash=sha256:be5a8381859b6da607c84f4f7d6847725f1cf1853ef8a2c9e115b7d58bef47dc \
    --hash=sha256:befa1ae5bd6030b3f512b43ff3fa5290bbed6b84411a44244b14adf835f5b89d \
    --hash=sha256:bf63afbe037eb5d2fe87fbcc7778e61da53ebaf21d938a4515aa73b62532a5d4 \
    --hash=sha256:c00abe94c1a69d75d827dcf1c025b25c8a45d230b3bcd77a9020883a1b047653 \
    --hash=sha256:c2381f82999704f818e2c987a865050e285ec3621262c66d40f5a96c8f899f8e \
    --hash=sha256:c76d5dde9f445058f83d0c02af00557a4db91de9a9a57c0df87d1535001d654b \
    --hash=sha256:cb189f09db39283b26bfd061ec16189e14f71c6755207f72a0f7540867afe5b9 \
    --hash=sha256:ccb32e0525d29e8b0572eb84c9a57af0e7a4e615726927506f55063c62414034 \
    --hash=sha256:ccbc4665079665c3cf3bab4db9f6b095370cd6437d66be549b6c2a1fd19e1958 \
    --hash=sha256:d1c89973648c85069c5046ad460f7b8a00218b29a2e42359ac8cc63e9ab94832 \
    --hash=sha256:df2d5874ff183595a4ba404edd04f6bd9b5505c1d7708573f6a6c17489a67563 \
    --hash=sha256:e01c918ac3d48e18a927cf7b14a26a3e29ff2bdf2eacb976da0aecd6a43ed034 \
    --hash=sha256:e6ab667ba76450084eb64013762c438ea76d9d29cc676dcd6c2e9892ba37f841 \
    --hash=sha256:e931e4f499e0dc7ef29d269a8e5b35dd722e5d14be07df6240166ea7c6532fae \
    --hash=sha256:f54660b0eb6b0b9f36e7fe1cdfdff472028dd0d14acd9b9b65098efbad059469 \
    --hash=sha256:f59a878c33d6b88122d80d239bb3b845d58708750b0cb06a09aebb9b18ec696c \
    --hash=sha256:f7fabeb6cea87d65f3b926de33d03fb016cfdc29314c90974383b5582ae72891 \
    --hash=sha256:f9579f383d1bf9df80081e72760e84960a7fd4f88cf0c9e535a8597c9bb646f5 \
    --hash=sha256:f9a2353b37a1a9e78fd82b27ad7e2a32a2d036604d18f02b05e3136c62ca3b09 \
    --hash=sha256:fc36dc566135b5eceec4cf89758fcb719266a019ef07dae1754ae7c9f617ef3e \
    --hash=sha256:ffdc76bfcae6b255dff75202c5e7feaf95b40246bc0a17944facc1fecf9f79ab
    # via torchvision
opentelemetry-api==1.45.0 \
    --hash=sha256:711ede81773c8025c2c03dac0450bc89f3d30aea6eabcc815c570d4e35a963f7 \
    --hash=sha256:80e068aba7cd56c8b58512d6a36f8d25cb1dfaa0c0a4cc1c938ccf9f362d9cb3
    # via fastapi
pillow==11.3.0 \
    --hash=sha256:023f6d2d11784a465f09fd09a34b150ea4672e85fb3d05931d89f373ab14abb2 \
    --hash=sha256:02a723e6bf909e7cea0dac1b0e0310be9d7650cd66222a5f1c571455c0a45214 \
    --hash=sha256:040a5b691b0713e1f6cbe222e0f4f74cd233421e105850ae3b3c0ceda520f42e \
    --hash=sha256:05f6ecbeff5005399bb48d198f098a9b4b6bdf27b8487c7f38ca16eeb070cd59 \
    --hash=sha256:068d9c39a2d1b358eb9f245ce7ab1b5c3246c7c8c7d9ba58cfa5b43146c06e50 \
    --hash=sha256:0743841cabd3dba6a83f38a92672cccbd69af56e3e91777b0ee7f4dba4385632 \
    --hash=sha256:092c80c76635f5ecb10f3f83d76716165c96f5229addbd1ec2bdbbda7d496e06 \
    --hash=sha256:0b275ff9b04df7b640c59ec5a3cb113eefd3795a8df80bac69646ef699c6981a \
    --hash=sha256:0bce5c4fd0921f99d2e858dc4d4d64193407e1b99478bc5cacecba2311abde51 \
    --hash=sha256:1019b04af07fc0163e2810167918cb5add8d74674b6267616021ab558dc98ced \
    --hash=sha256:106064daa23a745510dabce1d84f29137a37224831d88eb4ce94bb187b1d7e5f \
    --hash=sha256:118ca10c0d60b06d006be10a501fd6bbdfef559251ed31b794668ed569c87e12 \
    --hash=sha256:13f87d581e71d9189ab21fe0efb5a23e9f28552d5be6979e84001d3b8505abe8 \
    --hash=sha256:155658efb5e044669c08896c0c44231c5e9abcaadbc5cd3648df2f7c0b96b9a6 \
    --hash=sha256:1904e1264881f682f02b7f8167935cce37bc97db457f8e7849dc3a6a52b99580 \
    --hash=sha256:19d2ff547c75b8e3ff46f4d9ef969a06c30ab2d4263a9e287733aa8b2429ce8f \
    --hash=sha256:1a992e86b0dd7aeb1f053cd506508c0999d710a8f07b4c791c63843fc6a807ac \
    --hash=sha256:1b9c17fd4ace828b3003dfd1e30bff24863e0eb59b535e8f80194d9cc7ecf860 \
    --hash=sha256:1c627742b539bba4309df89171356fcb3cc5a9178355b2727d1b74a6cf155fbd \
    --hash=sha256:1cd110edf822773368b396281a2293aeb91c90a2db00d78ea43e7e861631b722 \
    --hash=sha256:1f85acb69adf2aaee8b7da124efebbdb959a104db34d3a2cb0f3793dbae422a8 \
    --hash=sha256:23cff760a9049c502721bdb743a7cb3e03365fafcdfc2ef9784610714166e5a4 \
    --hash=sha256:2465a69cf967b8b49ee1b96d76718cd98c4e925414ead59fdf75cf0fd07df673 \
    --hash=sha256:2a3117c06b8fb646639dce83694f2f9eac405472713fcb1ae887469c0d4f6788 \
    --hash=sha256:2aceea54f957dd4448264f9bf40875da0415c83eb85f55069d89c0ed436e3542 \
    --hash=sha256:2d6fcc902a24ac74495df63faad1884282239265c6839a0a6416d33faedfae7e \
    --hash=sha256:30807c931ff7c095620fe04448e2c2fc673fcbb1ffe2a7da3fb39613489b1ddd \
    --hash=sha256:30b7c02f3899d10f13d7a48163c8969e4e653f8b43416d23d13d1bbfdc93b9f8 \
    --hash=sha256:3828ee7586cd0b2091b6209e5ad53e20d0649bbe87164a459d0676e035e8f523 \
    --hash=sha256:3cee80663f29e3843b68199b9d6f4f54bd1d4a6b59bdd91bceefc51238bcb967 \
    --hash=sha256:3e184b2f26ff146363dd07bde8b711833d7b0202e27d13540bfe2e35a323a809 \
    --hash=sha256:41342b64afeba938edb034d122b2dda5db2139b9a4af999729ba8818e0056477 \
    --hash=sha256:41742638139424703b4d01665b807c6468e23e699e8e90cffefe291c5832b027 \
    --hash=sha256:4445fa62e15936a028672fd48c4c11a66d641d2c05726c7ec1f8ba6a572036ae \
    --hash=sha256:45dfc51ac5975b938e9809451c51734124e73b04d0f0ac621649821a63852e7b \
    --hash=sha256:465b9e8844e3c3519a983d58b80be3f668e2a7a5db97f2784e7079fbc9f9822c \
    --hash=sha256:48d254f8a4c776de343051023eb61ffe818299eeac478da55227d96e241de53f \
    --hash=sha256:4c834a3921375c48ee6b9624061076bc0a32a60b5532b322cc0ea64e639dd50e \
    --hash=sha256:4c96f993ab8c98460cd0c001447bff6194403e8b1d7e149ade5f00594918128b \
    --hash=sha256:504b6f59505f08ae014f724b6207ff6222662aab5cc9542577fb084ed0676ac7 \
    --hash=sha256:527b37216b6ac3a12d7838dc3bd75208ec57c1c6d11ef01902266a5a0c14fc27 \
    --hash=sha256:5418b53c0d59b3824d05e029669efa023bbef0f3e92e75ec8428f3799487f361 \
    --hash=sha256:59a03cdf019efbfeeed910bf79c7c93255c3d54bc45898ac2a4140071b02b4ae \
    --hash=sha256:5e05688ccef30ea69b9317a9ead994b93975104a677a36a8ed8106be9260aa6d \
    --hash=sha256:6359a3bc43f57d5b375d1ad54a0074318a0844d11b76abccf478c37c986d3cfc \
    --hash=sha256:643f189248837533073c405ec2f0bb250ba54598cf80e8c1e043381a60632f58 \
    --hash=sha256:65dc69160114cdd0ca0f35cb434633c75e8e7fad4cf855177a05bf38678f73ad \
    --hash=sha256:67172f2944ebba3d4a7b54f2e95c786a3a50c21b88456329314caaa28cda70f6 \
    --hash=sha256:676b2815362456b5b3216b4fd5bd89d362100dc6f4945154ff172e206a22c024 \
    --hash=sha256:6a418691000f2a418c9135a7cf0d797c1bb7d9a485e61fe8e7722845b95ef978 \
    --hash=sha256:6abdbfd3aea42be05702a8dd98832329c167ee84400a1d1f61ab11437f1717eb \
    --hash=sha256:6be31e3fc9a621e071bc17bb7de63b85cbe0bfae91bb0363c893cbe67247780d \
    --hash=sha256:7107195ddc914f656c7fc8e4a5e1c25f32e9236ea3ea860f257b0436011fddd0 \
    --hash=sha256:71f511f6b3b91dd543282477be45a033e4845a40278fa8dcdbfdb07109bf18f9 \
    --hash=sha256:7859a4cc7c9295f5838015d8cc0a9c215b77e43d07a25e460f35cf516df8626f \
    --hash=sha256:7966e38dcd0fa11ca390aed7c6f20454443581d758242023cf36fcb319b1a874 \
    --hash=sha256:79ea0d14d3ebad43ec77ad5272e6ff9bba5b679ef73375ea760261207fa8e0aa \
    --hash=sha256:7aee118e30a4cf54fdd873bd3a29de51e29105ab11f9aad8c32123f58c8f8081 \
    --hash=sha256:7b161756381f0918e05e7cb8a371fff367e807770f8fe92ecb20d905d0e1c149 \
    --hash=sha256:7c8ec7a017ad1bd562f93dbd8505763e688d388cde6e4a010ae1486916e713e6 \
    --hash=sha256:7d1aa4de119a0ecac0a34a9c8bde33f34022e2e8f99104e47a3ca392fd60e37d \
    --hash=sha256:7db51d222548ccfd274e4572fdbf3e810a5e66b00608862f947b163e613b67dd \
    --hash=sha256:819931d25e57b513242859ce1876c58c59dc31587847bf74cfe06b2e0cb22d2f \
    --hash=sha256:83e1b0161c9d148125083a35c1c5a89db5b7054834fd4387499e06552035236c \
    --hash=sha256:857844335c95bea93fb39e0fa2726b4d9d758850b34075a7e3ff4f4fa3aa3b31 \
    --hash=sha256:8797edc41f3e8536ae4b10897ee2f637235c94f27404cac7297f7b607dd0716e \
    --hash=sha256:8924748b688aa210d79883357d102cd64690e56b923a186f35a82cbc10f997db \
    --hash=sha256:89bd777bc6624fe4115e9fac3352c79ed60f3bb18651420635f26e643e3dd1f6 \
    --hash=sha256:8dc70ca24c110503e16918a658b869019126ecfe03109b754c402daff12b3d9f \
    --hash=sha256:91da1d88226663594e3f6b4b8c3c8d85bd504117d043740a8e0ec449087cc494 \
    --hash=sha256:921bd305b10e82b4d1f5e802b6850677f965d8394203d182f078873851dada69 \
    --hash=sha256:932c754c2d51ad2b2271fd01c3d121daaa35e27efae2a616f77bf164bc0b3e94 \
    --hash=sha256:93efb0b4de7e340d99057415c749175e24c8864302369e05914682ba642e5d77 \
    --hash=sha256:97afb3a00b65cc0804d1c7abddbf090a81eaac02768af58cbdcaaa0a931e0b6d \
    --hash=sha256:97f07ed9f56a3b9b5f49d3661dc9607484e85c67e27f3e8be2c7d28ca032fec7 \
    --hash=sha256:98a9afa7b9007c67ed84c57c9e0ad86a6000da96eaa638e4f8abe5b65ff83f0a \
    --hash=sha256:9ab6ae226de48019caa8074894544af5b53a117ccb9d3b3dcb2871464c829438 \
    --hash=sha256:9c412fddd1b77a75aa904615ebaa6001f169b26fd467b4be93aded278266b288 \
    --hash=sha256:a1bc6ba083b145187f648b667e05a2534ecc4b9f2784c2cbe3089e44868f2b9b \
    --hash=sha256:a418486160228f64dd9e9efcd132679b7a02a5f22c982c78b6fc7dab3fefb635 \
    --hash=sha256:a4d336baed65d50d37b88ca5b60c0fa9d81e3a87d4a7930d3880d1624d5b31f3 \
    --hash=sha256:a6444696fce635783440b7f7a9fc24b3ad10a9ea3f0ab66c5905be1c19ccf17d \
    --hash=sha256:a7bc6e6fd0395bc052f16b1a8670859964dbd7003bd0af2ff08342eb6e442cfe \
    --hash=sha256:b4b8f3efc8d530a1544e5962bd6b403d5f7fe8b9e08227c6b255f98ad82b4ba0 \
    --hash=sha256:b5f56c3f344f2ccaf0dd875d3e180f631dc60a51b314295a3e681fe8cf851fbe \
    --hash=sha256:be5463ac478b623b9dd3937afd7fb7ab3d79dd290a28e2b6df292dc75063eb8a \
    --hash=sha256:c37d8ba9411d6003bba9e518db0db0c58a680ab9fe5179f040b0463644bc9805 \
    --hash=sha256:c84d689db21a1c397d001aa08241044aa2069e7587b398c8cc63020390b1c1b8 \
    --hash=sha256:c96d333dcf42d01f47b37e0979b6bd73ec91eae18614864622d9b87bbd5bbf36 \
    --hash=sha256:cadc9e0ea0a2431124cde7e1697106471fc4c1da01530e679b2391c37d3fbb3a \
    --hash=sha256:cc3e831b563b3114baac7ec2ee86819eb03caa1a2cef0b481a5675b59c4fe23b \
    --hash=sha256:cd8ff254faf15591e724dc7c4ddb6bf4793efcbe13802a4ae3e863cd300b493e \
    --hash=sha256:d000f46e2917c705e9fb93a3606ee4a819d1e3aa7a9b442f6444f07e77cf5e25 \
    --hash=sha256:d9da3df5f9ea2a89b81bb6087177fb1f4d1c7146d583a3fe5c672c0d94e55e12 \
    --hash=sha256:e5c5858ad8ec655450a7c7df532e9842cf8df7cc349df7225c60d5d348c8aada \
    --hash=sha256:e67d793d180c9df62f1f40aee3accca4829d3794c95098887edc18af4b8b780c \
    --hash=sha256:ea944117a7974ae78059fcc1800e5d3295172bb97035c0c1d9345fca1419da71 \
    --hash=sha256:eb76541cba2f958032d79d143b98a3a6b3ea87f0959bbe256c0b5e416599fd5d \
    --hash=sha256:ec1ee50470b0d050984394423d96325b744d55c701a439d2bd66089bff963d3c \
    --hash=sha256:ee92f2fd10f4adc4b43d07ec5e779932b4eb3dbfbc34790ada5a6669bc095aa6 \
    --hash=sha256:f0f5d8f4a08090c6d6d578351a2b91acf519a54986c055af27e7a93feae6d3f1 \
    --hash=sha256:f1f182ebd2303acf8c380a54f615ec883322593320a9b00438eb842c1f37ae50 \
    --hash=sha256:f8a5827f84d973d8636e9dc5764af4f0cf2318d26744b3d902931701b0d46653 \
    --hash=sha256:f944255db153ebb2b19c51fe85dd99ef0ce494123f21b9db4877ffdfc5590c7c \
    --hash=sha256:fdae223722da47b024b867c1ea0be64e0df702c5e0a60e27daad39bf960dd1e4 \
    --hash=sha256:fe27fb049cdcca11f11a7bfda64043c37b30e6b91f10cb5bab275806c32f6ab3
    # via
    #   -r requirements-api.in
    #   torchvision
pydantic==2.13.5 \
    --hash=sha256:346a034f080da3755d8e9cb5e00e8b07de1d39e4f6e2c87d8ab7cafa0b269a73 \
    --hash=sha256:51a9c5f7b2f8e636f04c6cada605d9b6a3bf1348fdf945a3d8869b19bba0ee08
    # via fastapi
pydantic-core==2.46.5 \
    --hash=sha256:013d6f3483d81e02e7c328831808f336c8596ee33b4bd4026b9ffb1e960b8942 \
    --hash=sha256:03b9666e41e35d8909852ba191a0607520f81b74eaf12ccf8737005dbb313821 \
    --hash=sha256:045ab3b6d308439e32b81cc173bba5b9018bc6ed896afd0c65b3b009b1699af5 \
    --hash=sha256:0bddb4020d8f04175865ccd17eff3040874fc11fb593f424edb452653b4b947c \
    --hash=sha256:0cdbada856a1c69a7624a64d3d9aefe79300bd6ef827b43a4f265010b9b55184 \
    --hash=sha256:0fc5be0abd4a407e200d844b404e33639a554e7bd0d448e7b9ae181be4789ac2 \
    --hash=sha256:10416c15b8839ecc4ef4d0885da76da6fd0f67333a0eb8aff6d93c4b8f2910fc \
    --hash=sha256:15f4a94963c95accac15b7b657bb177d3ad82bb90b0d0526d9a9b85079925db5 \
    --hash=sha256:18a09e1e1011b462f2e32774f25859ef1223d5c2b0546a633cf56654710721e0 \
    --hash=sha256:193375f3548919d3f0b60936ca113ada3e38f264f91b9b8e0508efaad57be931 \
    --hash=sha256:1a353f84de772f423b5ffb11d7ae352fbbef0f446f3c0b0af0f8236d7233606e \
    --hash=sha256:1e449def1945a462c464331254e5a44fca7c3b4f9aedf59ec2f50f8066dd8e25 \
    --hash=sha256:1e5aad1220a1192c42341c8fd4a8686657e73ab2a920c970bdc4de334fe3193d \
    --hash=sha256:200aa3dc9f8d54f0754f43247c0bad0999fdcfbfd2488384dd44f37279271fe6 \
    --hash=sha256:2471fd51c61c610e1dcf7de44d7299283661654d11264ab4802b303368d69c47 \
    --hash=sha256:24922243639cbdac66c75fcb6fd6495a9cb52b213d62f9a0d16f0310b1ff8038 \
    --hash=sha256:28a6a556cd3b6066bea827857f9d9cce027c96f776e512f544a581f9e42161f8 \
    --hash=sha256:2bc9419666990c06d7397831f2126a1ecc3594aaa3ff7de5bf2d066802f4e07b \
    --hash=sha256:2cbd9a5eff05e51c447c34dfa4632145b26b09120cf04bd0c871e44c1a5e1c9a \
    --hash=sha256:2d330aaba8621b1edcec8ae2c4050f63b84ccf6d98723a8f212e9684713abf0e \
    --hash=sha256:2d5d76654becf5efd62c9e51c3756c67b49498b0c9a40884934c40807adbd074 \
    --hash=sha256:337639ba62a11acde6ef3aeb08c8ea755f8ef1fe5e513356c0f36a2b0d7568b0 \
    --hash=sha256:347ec774390c87326a2e4929d58d3f7e8763a104d5d35f4cd595a4c952366433 \
    --hash=sha256:356c8368cbc321050b169595683a2e1d63413b1e0e2868b330af9fc14c616d3f \
    --hash=sha256:37ae34309d7bd8c0d61ab839668058f2a7962ea1fc51d105d2db228fe0618034 \
    --hash=sha256:37ea7b83c935e5b0d68c9449b82651accf78a10828b2c02b2f2d9e9496446c21 \
    --hash=sha256:3a3e26b6a8274211bddee2d0e4d0d42778f17a34510f49d2ec44b58abfc41736 \
    --hash=sha256:3aa166e99c4f2985407fb8714aebede877ecb5455cf321b606adca926d30d5a0 \
    --hash=sha256:3d2652072b2d774947ba5cf78a9e59644ac62ee572daf6dd2e1dfe905e15b2b7 \
    --hash=sha256:40375c2d05acec10323e45dfe2077ac44bc74659008614af5069034e2cfc781c \
    --hash=sha256:413a717a410d0c817ef5b786a059415550b3794e1d0c2abffd9efb93a3d9f7b4 \
    --hash=sha256:46c25dda9d092a06c08db76ffe0a197107904d0dfac653f7d5306bbcd6d6119c \
    --hash=sha256:49776eab08766a08dfff7012f8b422dcd7e25e43b316eedf0477c24fcfa84b7c \
    --hash=sha256:4d44cf99ddebf875f9b68cc267aa684c99b7b44fe63ee1cac4ec163807290069 \
    --hash=sha256:4dedce55295becb61921e386b99d4f2706045306e7fa52249a33004c837379fb \
    --hash=sha256:4f8507560a9284e1370bb048ed4282012fbef4e8d109875b95e884d228552061 \
    --hash=sha256:4fdc8b93a41521988916eeaa271173fcca7fa0803d62f87675aac8dcec1c8e29 \
    --hash=sha256:5086029a57366b8cf81b130a43908738095c270c21a8d7f0e8bdfdb89718e2f3 \
    --hash=sha256:52e24eacdb536cade636aa90fb851835222becff8484b7001fdc78cb0290f2aa \
    --hash=sha256:53feb344243bb9510a9dec7bf3cf1b64d88a98af5dc7872a5160465f8b198c8e \
    --hash=sha256:545f26c504b27c3758439a5e6d9349931f0a04f855668d5fe323c89e82300a38 \
    --hash=sha256:54d510bac3ee52247af28ed4bb18a1e799f040ac60fd2bf5ccd4c92f1fbe786f \
    --hash=sha256:5cb482e9e84c851f4e623fe4acc1ced89168cf1fe18f7089db4548c8f5bbb65b \
    --hash=sha256:5e81740c09e310f5aa5cbd3e434a01c154d4bef93241c7877b39f211d2b78ba8 \
    --hash=sha256:5ee239d575f80b08eca11f6e20f90c4c695de7825c67eefe6091fbf20dda648e \
    --hash=sha256:5f194189415698233dd1114a093a9b56e61e2c57e11b469be3b0506f46f0771c \
    --hash=sha256:5f93c5fe914d75fbec9a49209b00da5f08e9e467d69da2b1510c81940cfd10be \
    --hash=sha256:657b40d6240c0a7b6a64b30f22d1e3aa631c7e846c621b0c0f6d1d75e2e15ea6 \
    --hash=sha256:6d30e1a4f138b8951063e9a394752a9179b51da288ffa507b1e659222f4c1793 \
    --hash=sha256:6f7b393a8b3da82f5c1fc0751e6d01ac6c55b93c18226a60bdfba4a724efafd1 \
    --hash=sha256:701b2e04b560eeb4bddf7a25ab8ca476176e34fdbd9a0e18196f0d12d4685f0b \
    --hash=sha256:771cf63ae0b1b50dd22e5f3e3549fab5f3f4ff1635d352a9e1a97fe01c7b2e64 \
    --hash=sha256:79bdfa52f843137045b2d081cc05c120ba6665d29b7559c2c47690906f39279f \
    --hash=sha256:7ac031912d54f3d83ef3b3eb98dfabc1608802e2202263d25957eeed40b94761 \
    --hash=sha256:7b0fc826b16c55e561e5d2a0c5c77b051ba1d92808118c4e4b5390f5e0cf191d \
    --hash=sha256:7c6be839a5a8312626b32029a415644a0846b420bc8b52b95b28cd92da162168 \
    --hash=sha256:816ff0a6550ffc06c098ccd2e0698600f9aa7da192a79eaa6f9af504a35db869 \
    --hash=sha256:82a36973cf8a2ef5406f4fe2edbf8ed0c99629535d959e0b100c76a32535a111 \
    --hash=sha256:837b396ca3d7b74091ca623f6cbd8351bd42d670a79c2683e79fb089f06a2de5 \
    --hash=sha256:850a08d167dde16db8702c274f320c7be9d7da6f6dff2b58b18f9e815bd94f5b \
    --hash=sha256:8816f3d218beb4b787de5c9759c259b8fa61f9dec42dc7811f320a33771778b7 \
    --hash=sha256:892a881d5f68c2b9ea304b7a6c2c60d9343df578a311b0f86b94bc8f1ffe8129 \
    --hash=sha256:895395f8918627b04efb1ad2a4cf605387143300ba03304cd1dfa6d03f5e095e \
    --hash=sha256:8b10e3e8fd7ddc2bd915848a2768e44c15b22936f1cc54c462ad1164deb02655 \
    --hash=sha256:8e24d8f05fa2d28513d94e877e9c75ad66175376209b3977f916e240e623193c \
    --hash=sha256:8feeac04b5794e513e710af2f9c87d49f31a6dc47967bb264a1fed61a8989bec \
    --hash=sha256:9432f3598db432cb51c5b37fdbf29a60fcccc79e30d37a05022776a6bc4ab689 \
    --hash=sha256:976e1128455aa595ea04c79ccfedff1aaeab96ee013fcc916bed120c4f0ad94f \
    --hash=sha256:978e7b97d4824b5be09c69fb70507cbde3b0323fc147332ca40a94d9a6a0ebbf \
    --hash=sha256:97bf8de4d541598c94a59344eeb988a94c08ff76b5723c41f6567ec18c7892ea \
    --hash=sha256:97cf3eb53a8cccacf9d46686a0926186c9bfb5574f2ed66d3639d5fe117cd3a9 \
    --hash=sha256:9b68938dd5b0c783d88ff8e2dcc69451b5eb936fe212d516b21b9d5567f6d464 \
    --hash=sha256:9c4b71f10dd532fb7a5cbc8f58707779e64f03a258c2bf8bfbaecfcd9970b519 \
    --hash=sha256:9f47b8a949e60f027f0aa0a6f6c7b7e9c55cbf4380d10b344e282fa4e7ab1e1b \
    --hash=sha256:a1dee1b804ff4d11c663636cf15d2ea47e9f79cd56c033fb1cbf08924842a48f \
    --hash=sha256:a2468d93d181667a7abd66e1b64bb9f76f361b0fef8faddf687456453576f5ee \
    --hash=sha256:a2a5e1d0ff29adddc9f6d6821a66302e4493f8ca898b715b6b1182c2c201ea0a \
    --hash=sha256:a39ac25a9a2fa4072efdb429833c4a4c8009a51ff9eea3eeae131713cd27991e \
    --hash=sha256:a445486499897b88a7d6c310c88ed64dd37b1b59bfd7ae9107490bbb362f47d6 \
    --hash=sha256:a91c17edf6eea2402cb5457b4c89e99bc5ed1004aa34c4adf1d4258c1a5c22c2 \
    --hash=sha256:ab4b66edffb32d9e951efb3814bd104b8367a7501b81b955cacb5726d897389f \
    --hash=sha256:aca6c767f552b21b10f774aeac128e828eafb796adfa1b666a18bf6321453c3a \
    --hash=sha256:acf8a67ba51f4ca9ddbd0e6b3000a65ac51ab734661778b3e7ba64d99a710f2f \
    --hash=sha256:b10ec717381bdbfafef34607824db4c91de69ff085e4fca3b2af91b4fa17e68a \
    --hash=sha256:b49924c73a235e969511bf2aabdff3beebf9820931f646c80274d5d780010c47 \
    --hash=sha256:b6acfb46a814762367fb7ba0828b0a17d441b92ce249a0e007474c9072662dda \
    --hash=sha256:b7ca9034437b6022f941f4857459562ee00a560b97e7cce8a0ec5a74fc6766e0 \
    --hash=sha256:b98134087d9de723658d17a42c7d0da8d6e2ef08015dee7dc93889047315f5e4 \
    --hash=sha256:b9fe6fb92520e3fd61f2e49000b6911b188824f089b75973ea06d6267f0b476d \
    --hash=sha256:bce57638e08ac148e5778cce7feb968307a727d66f8e2274a543d0cf0c9ad6a3 \
    --hash=sha256:c14ad3bdc85ee7f318742c457ca3968a92126d144b15721c759033bfb06296c2 \
    --hash=sha256:c1c43ad4339643d70ebb8124e1305a7dab423001eff58bb41a0f731adbc98355 \
    --hash=sha256:c3471e5c4a949c26ec00a77f01df59096aa9495877de76fd60a980f8ee6be461 \
    --hash=sha256:c583b927a8838dab890706a6fa7573fbb8b70e24000ef9f7238e2d6f6435a5ed \
    --hash=sha256:c76fe65e607be28c7fd4d56fc3c42b1583aa058ce3408b7ad0fd540171d31f9f \
    --hash=sha256:c7ea57fc63aa7da93a1bd2d644e6577befae10c52c4e36377635eea1056a74f5 \
    --hash=sha256:cd5214352ae68f3b5e9af7768bdc5253695ee069675db3480518420b3be881f2 \
    --hash=sha256:cdbb78909f52b981d3b2d56b97328d71eb0b974c36bd77c920123a7ebb192829 \
    --hash=sha256:cdc8b74ecc48c0cb1e9607a05ec4e9e88db60a19ffcc9a1d5f9088ede40c8dc0 \
    --hash=sha256:d0a24b40877af2de4950252be9d21eaf7fb07660f3c2cae1f56c6b599ada5266 \
    --hash=sha256:d22a945598fb91236b4dd793a6e42e4f3dd7740bb5aace5ebd7d4c08d13bb575 \
    --hash=sha256:d2f9fc07a8042a8f95925b35c4f04f469707c981fc33245b6ca187cf5d2dd290 \
    --hash=sha256:d625a186a65201c23a9e3b8ed9c47e90a026e03256608cc91851c6709096844f \
    --hash=sha256:d925f3d9afd05a8c0fb3a1031463a8d59ebe5e2afad297e29c78be19e13b4e62 \
    --hash=sha256:e64e88d5585bea9ce95861079de72006c7fa6d3df4e3a3b65ba31eb979c15c9f \
    --hash=sha256:e652ab17569c94bff5475520f907b7148b8c24036a8ebbe5cf7cf7493d28579a \
    --hash=sha256:e7b891faeedeafba41b2983e5001a81b6a915b69544c7e7570d1989ce1c36ac7 \
    --hash=sha256:e80675d75ae2cd14372cb65cad5400d9347a3d3f6c13000183f22dfd027283ed \
    --hash=sha256:e9c134bb666dd54b778b9fc0d2b50cbb7f979b9e3716f26a88c9ab3b6fc1dd0f \
    --hash=sha256:eb7d8d0e5886a89a55d2eef490e272fa965a9d57c6b29a5b5088a7997ec2cad1 \
    --hash=sha256:ecb42011e12ee19cafbc312887cbf3546959fe02fbad44f272d4be5baa997615 \
    --hash=sha256:ef3fbbf161dc9351a2fe0422e51b129f9e97e42385bd0320b309c15f7d287dd8 \
    --hash=sha256:efd62a42486f1bda5d24cb4f63d15a3c7768375fe83d36f9417b4ad7a2fb20b3 \
    --hash=sha256:f077d0b97ab11fa7dcc633fca53515f290bca8a8a633e966d5b6d1879d9ed01a \
    --hash=sha256:f332f0e72a5a0400141f830744e141bf9f97917878dbe968669e8a7fefea78ff \
    --hash=sha256:f7b0ec93a2893de856652154d73b7ba622f26fa97726487dcac373de5f4c6084 \
    --hash=sha256:fa10ef4112775900e7a0661068635eb67b2ab824fbde764de6e0e21982a93db0 \
    --hash=sha256:fc5d783bd4a2387e97b8a2d5ec781cfb92b3d893bf82370548e99db5915935d3 \
    --hash=sha256:fc8515076c11f3cfdf4fb142dcca0fe384b1230a3b5415458ac84f3e0903ec13 \
    --hash=sha256:ff218293c9c806138dca139765e3b067621be52bcd93cdc14c7711be7ddc90a9
    # via pydantic
python-multipart==0.0.32 \
    --hash=sha256:be54b7f3fa167bb83e4fcd936b887b708f4e57fe75911c02aebf53efaf8d938e \
    --hash=sha256:ff6d3f776f16878c894e52e107296ffc890e913c611b1a4ec6c44e2821fe2e23
    # via -r requirements-api.in
setuptools==84.0.0 ; sys_platform == 'linux' \
    --hash=sha256:51a52592b3b99e102b609654876bd65f19f999935166d1352678931132b0c670 \
    --hash=sha256:f4695c21257f0d9b537ec2692c941d02ee143b7cc1276941349a546573b2ef73
    # via torch
starlette==1.7.0 \
    --hash=sha256:67f8e99895493dd2911a03f11314af6ceebeae4e704bb9f43dfc6a9db151c93e \
    --hash=sha256:c79f74ea63cff761804fbbfb182f1e0b440c2d07b164d24700c5a1bab5d6ff5d
    # via fastapi
sympy==1.14.0 ; sys_platform == 'linux' \
    --hash=sha256:d3d3fe8df1e5a0b42f0e7bdf50541697dbe7d23746e894990c030e2b05e72517 \
    --hash=sha256:e091cc3e99d2141a0ba2847328f5479b05d94a6635cb96148ccb3f34671bd8f5
    # via torch
torch==2.14.0+cpu ; sys_platform == 'linux' \
    --hash=sha256:019463a7566401db8b1ed142026086db8fa680abda49ec41a60a8718d88e891d \
    --hash=sha256:07aefe1a437b6f1b41b0cba15e16583e2f43549ec9d062fcea8e7981a78e014a \
    --hash=sha256:07d50e40232d2757be323693e38f531e04ee654d40537bc0b04e787c1e73a27a \
    --hash=sha256:08894195f84541edcbd09072e6c53b791d4cdd09f650b05473f35718a848fd7b \
    --hash=sha256:092d5c12938850dfbd90a654b3c8dac34c33e300f88eb19ee6f4ef93992c6347 \
    --hash=sha256:160e1bc46aeded3111d2801f8ae10dc9a1b946843a7e126b4dbf5e19c5706e95 \
    --hash=sha256:18b417c953e9b4d8b79294ca5184586790f0a609b3929e39258cea854b945870 \
    --hash=sha256:266a253980047f3c037191f45d7e7ecfa838d13102141ca57b86fcc892663004 \
    --hash=sha256:27b34640fea7268862961b734c723873e15b1c2657b1eb84bcfac053e5841527 \
    --hash=sha256:2baf9cbaef964d821465df0c53a91cc01b2d0ea29ebd199e2f9c7d27a7fc70a4 \
    --hash=sha256:38f0a0330267b36d76b988754878d94001c1519fe3743bd92f038ce5622bea5a \
    --hash=sha256:3fa39713d13f23563ad11636bfff76b677ab4addbc240c54e6b7e47622e8973d \
    --hash=sha256:420e7dbed969bbd045b34105fa90d1ccf3e5c09c4e9b0d0a5f9df25df9d02d2e \
    --hash=sha256:4b1b78f8b9b1393576ef03cab0e6d941a6aa562b7539c45da12d80e86c09f9ed \
    --hash=sha256:5a3d72abbd3499175a4a6a45056fcc00898c2845235e534538cdcbdeedf642ae \
    --hash=sha256:673dbf5c9bbadfffab7a386b6dd7a0c219f1408a328b7b4e86d0ae551cdafa42 \
    --hash=sha256:70a98493729cdd06f2735a7e4c4867e64e5d5b4eebbd6ffb841b7b034b16aff3 \
    --hash=sha256:70b02d91b68ba0652b53294f51afbe774eea0f1f52b91a20207982298af294a2 \
    --hash=sha256:738cd9237bf63443a5e5f9652e5115f7b0510b089636a43d4011e9fccede714f \
    --hash=sha256:7beed32d29ad533bb32fb5122f34050c54286d0a3933024edf7e36c489ce3c82 \
    --hash=sha256:8e2c47c6556c7d5a85848634372bb2252907d411e9cad669c99406856d536eb5 \
    --hash=sha256:8fe5ff05cf3511daecdea986005f312f3b9cdbaf07ccf0bc42c68d01a4ae5d4d \
    --hash=sha256:a09987c95ec4cffdb6df798d3d641558110a334cfccce22f2f046d83142bc260 \
    --hash=sha256:a6ff46c0c0c4f5b9b399dff5e4856a98ce18e61ca14ad74b21790174c7cbde08 \
    --hash=sha256:a8b2fa9a03d81bc083f279737fce1cd8d1ed2e267da92215260cd644dcfdd3fe \
    --hash=sha256:c1d81be03f715eca5b065fc767f73b2a26668a16d614e163a4378a3f38a5e471 \
    --hash=sha256:ca9b3c2c652587f7b26c86d30be3648f553bd07fb3cf9b3edb645e7eafe295a3 \
    --hash=sha256:d87cfff3af33c937b88c9bc6c0dfa17f2156e2599f63447c696f2345928b518a \
    --hash=sha256:da8140c3d4a41500d29710e35bf8e66a4295ec31026487c69f54a3f583310f8d \
    --hash=sha256:e22ddf8a9fff9934fe2dd2440d45c437bb0539f2d6d24b57b26981d6dca4157c \
    --hash=sha256:f152f41dc5dc462afe0de780e451ebb47ea8b4451f8f919f9537aa8e2cbe1d7e \
    --hash=sha256:f2ffdacd95d7090a8bdfa8426f5d1557625874b19a96ba23a41f640d4a0c9c28 \
    --hash=sha256:ff2e3a049e4c6d406d2f87acad9b2907d5052a3fa6d0e658b5f6e48d46bae11b
    # via
    #   -r requirements-api.in
    #   torchvision
torchvision==0.29.0+cpu ; sys_platform == 'linux' \
    --hash=sha256:0941ad2ce731feb062300a7faf9bbde484896f9500f19523319d110ecaed2bc8 \
    --hash=sha256:1a0cb923542cb98eeb084a5b1b8d496d5f3f025f17b829fb2bd2524185598d9e \
    --hash=sha256:1e9b226ec8fec75062093657ebdb2f93c3484630ced9ece5a7aa537e5a02a83f \
    --hash=sha256:2060938f90e78d37a6a9ec6b5254a24607e072e2fc4f0d2e90f6f092578b6907 \
    --hash=sha256:2560c0d9f4f50606c86bc5d755c8f326d90da559882c9667cd8ffb5d2301bef9 \
    --hash=sha256:3e9559f69900da98ab1387fa763eeb0d210c78b35da969c61b96816c77a27b79 \
    --hash=sha256:4d5138e00e117cfd5b7fe70af57d65d00abff2ce9f8581dc97805ecc62a510f5 \
    --hash=sha256:6ff3b816ec955f3ef9f32d1e698e1856549e2e03637c358ee067c6f5f17f74fa \
    --hash=sha256:734b5756c1a606e10cf3bfb61ea3085ebd99caa707aec26bb398f26d1d3a91fe \
    --hash=sha256:7fa995dff29396950418ced2f21c9bfee8b7b71e9e324a18a4b0489be762dd07 \
    --hash=sha256:8013771465280b282306d4f037e4358551fb232ff621d99b2bc971c4f77a8f7e \
    --hash=sha256:8082ba501f55bc2dac6f6c496c6df6407a0afa5955db4fb83e156a20bb2feeec \
    --hash=sha256:8ac096fe796dfacbd174be86f7ab3595a39eabc341d2ee2e48557032ec1d57c4 \
    --hash=sha256:9173ee20608718663483b8e29f3e07aaa4ebfa6cc8cb7939405acc5536a9b252 \
    --hash=sha256:950ee3137e94cec83bcacab204204c0dbddddd24f239094f697c18c0f50368fa \
    --hash=sha256:9ea10d2cc017bccb2d67f88d6fd8f2689ce740ca5ba1ff177aa4f32f9e9bf461 \
    --hash=sha256:a4942ffe0d443b3d0a3f6bf6f597081f1ab7fde57a0789f158818f677442939f \
    --hash=sha256:a6bab91c40d469a656d361b8ec60ebdfd86c515ad47b2cd5037d17db30414d75 \
    --hash=sha256:c7cc533222df6c81834595e1893200555cbc15183b7a4f5bb924bccda5090d8d \
    --hash=sha256:d25afdfb2893d7309c35334a923898fb13c11c2c4165d497d107a2694398a0ce \
    --hash=sha256:dc59e91bd334a8a510fd478558ea98067ba824f5dc321894ef26087838360255 \
    --hash=sha256:dd735995faf5d19ebf7dc729138bc39764044f62c31edc687036757e744005b7 \
    --hash=sha256:eb44d9535d16ff11572960b241917f1adbcd133531d838b7bc4a32316d27efee \
    --hash=sha256:f32547706851d8bf7665ba8503c8ed9a46a8b3ebba384bfe9778e635476f99f4
    # via -r requirements-api.in
typing-extensions==4.16.0 \
    --hash=sha256:481caa481374e813c1b176ada14e97f1f67a4539ce9cfeb3f350d78d6370c2e8 \
    --hash=sha256:dc983d19a509c94dba722ee6abd33940f7c05a89e243c47e907eb4db6f1a43e5
    # via
    #   anyio
    #   fastapi
    #   opentelemetry-api
    #   pydantic
    #   pydantic-core
    #   starlette
    #   torch
    #   typing-inspection
typing-inspection==0.4.4 \
    --hash=sha256:547274fa6b0a561ccf549cc9524b999a578e737d015d8709d021f9d0d13bea47 \
    --hash=sha256:65b8397ba37ccbce054456aaccddfc91e6e3083c92824df348d96ca832f3f147
    # via
    #   fastapi
    #   pydantic
uvicorn==0.54.0 \
    --hash=sha256:505bdb0f318731d45f1f712071fc781a8981f6847a31c902c9f5e652d4f67faf \
    --hash=sha256:a2e33cbfaa0306f8e6b0c13e0cb89d7d7a2da3e62b90c66e18c33d9807b28620
    # via -r requirements-api.in
